
Microsoft Visual Studio Solution File, Format Version 12.00
# Visual Studio Version 17
VisualStudioVersion = 17.0.31903.59
MinimumVisualStudioVersion = 10.0.40219.1
Project("{2150E333-8FDC-42A3-9474-1A3956D46DE8}") = "src", "src", "{C6971772-7E3A-45F4-8925-28306B77D46A}"
EndProject
Project("{FAE04EC0-301F-11D3-BF4B-00C04F79EFBC}") = "Keyji", "src\Keyji\Keyji.csproj", "{B3AAEEFC-05BB-48B1-AFDE-BCFD982CED8D}"
EndProject
Global
	GlobalSection(SolutionConfigurationPlatforms) = preSolution
		Debug|Any CPU = Debug|Any CPU
		Release|Any CPU = Release|Any CPU
	EndGlobalSection
	GlobalSection(SolutionProperties) = preSolution
		HideSolutionNode = FALSE
	EndGlobalSection
	GlobalSection(ProjectConfigurationPlatforms) = postSolution
		{B3AAEEFC-05BB-48B1-AFDE-BCFD982CED8D}.Debug|Any CPU.ActiveCfg = Debug|Any CPU
		{B3AAEEFC-05BB-48B1-AFDE-BCFD982CED8D}.Debug|Any CPU.Build.0 = Debug|Any CPU
		{B3AAEEFC-05BB-48B1-AFDE-BCFD982CED8D}.Release|Any CPU.ActiveCfg = Release|Any CPU
		{B3AAEEFC-05BB-48B1-AFDE-BCFD982CED8D}.Release|Any CPU.Build.0 = Release|Any CPU
	EndGlobalSection
	GlobalSection(NestedProjects) = preSolution
		{B3AAEEFC-05BB-48B1-AFDE-BCFD982CED8D} = {C6971772-7E3A-45F4-8925-28306B77D46A}
	EndGlobalSection
EndGlobal
